// !$*UTF8*$!
{
	archiveVersion = 1;
	classes = {
	};
	objectVersion = 50;
	objects = {

/* Begin PBXBuildFile section */
		702FEACE2329236C00C8A5C9 /* PlayableContentHandler.m in Sources */ = {isa = PBXBuildFile; fileRef = 702FEACD2329236C00C8A5C9 /* PlayableContentHandler.m */; };
		70E64CA12329278800B4A209 /* MediaPlayer.framework in Frameworks */ = {isa = PBXBuildFile; fileRef = 70E64CA02329278800B4A209 /* MediaPlayer.framework */; };
		70FF5FB4232903A10066505C /* AppDelegate.m in Sources */ = {isa = PBXBuildFile; fileRef = 70FF5FB3232903A10066505C /* AppDelegate.m */; };
		70FF5FB7232903A10066505C /* ViewController.m in Sources */ = {isa = PBXBuildFile; fileRef = 70FF5FB6232903A10066505C /* ViewController.m */; };
		70FF5FBA232903A10066505C /* Main.storyboard in Resources */ = {isa = PBXBuildFile; fileRef = 70FF5FB8232903A10066505C /* Main.storyboard */; };
		70FF5FBC232903A20066505C /* Assets.xcassets in Resources */ = {isa = PBXBuildFile; fileRef = 70FF5FBB232903A20066505C /* Assets.xcassets */; };
		70FF5FBF232903A20066505C /* LaunchScreen.storyboard in Resources */ = {isa = PBXBuildFile; fileRef = 70FF5FBD232903A20066505C /* LaunchScreen.storyboard */; };
		70FF5FC2232903A20066505C /* main.m in Sources */ = {isa = PBXBuildFile; fileRef = 70FF5FC1232903A20066505C /* main.m */; };
/* End PBXBuildFile section */

/* Begin PBXFileReference section */
		702FEAC52329056D00C8A5C9 /* MacounCarPlayAudioDemo.entitlements */ = {isa = PBXFileReference; lastKnownFileType = text.plist.entitlements; path = MacounCarPlayAudioDemo.entitlements; sourceTree = "<group>"; };
		702FEACC2329236C00C8A5C9 /* PlayableContentHandler.h */ = {isa = PBXFileReference; lastKnownFileType = sourcecode.c.h; path = PlayableContentHandler.h; sourceTree = "<group>"; };
		702FEACD2329236C00C8A5C9 /* PlayableContentHandler.m */ = {isa = PBXFileReference; lastKnownFileType = sourcecode.c.objc; path = PlayableContentHandler.m; sourceTree = "<group>"; };
		70E64CA02329278800B4A209 /* MediaPlayer.framework */ = {isa = PBXFileReference; lastKnownFileType = wrapper.framework; name = MediaPlayer.framework; path = System/Library/Frameworks/MediaPlayer.framework; sourceTree = SDKROOT; };
		70FF5FAF232903A10066505C /* MacounCarPlayAudioDemo.app */ = {isa = PBXFileReference; explicitFileType = wrapper.application; includeInIndex = 0; path = MacounCarPlayAudioDemo.app; sourceTree = BUILT_PRODUCTS_DIR; };
		70FF5FB2232903A10066505C /* AppDelegate.h */ = {isa = PBXFileReference; lastKnownFileType = sourcecode.c.h; path = AppDelegate.h; sourceTree = "<group>"; };
		70FF5FB3232903A10066505C /* AppDelegate.m */ = {isa = PBXFileReference; lastKnownFileType = sourcecode.c.objc; path = AppDelegate.m; sourceTree = "<group>"; };
		70FF5FB5232903A10066505C /* ViewController.h */ = {isa = PBXFileReference; lastKnownFileType = sourcecode.c.h; path = ViewController.h; sourceTree = "<group>"; };
		70FF5FB6232903A10066505C /* ViewController.m */ = {isa = PBXFileReference; lastKnownFileType = sourcecode.c.objc; path = ViewController.m; sourceTree = "<group>"; };
		70FF5FB9232903A10066505C /* Base */ = {isa = PBXFileReference; lastKnownFileType = file.storyboard; name = Base; path = Base.lproj/Main.storyboard; sourceTree = "<group>"; };
		70FF5FBB232903A20066505C /* Assets.xcassets */ = {isa = PBXFileReference; lastKnownFileType = folder.assetcatalog; path = Assets.xcassets; sourceTree = "<group>"; };
		70FF5FBE232903A20066505C /* Base */ = {isa = PBXFileReference; lastKnownFileType = file.storyboard; name = Base; path = Base.lproj/LaunchScreen.storyboard; sourceTree = "<group>"; };
		70FF5FC0232903A20066505C /* Info.plist */ = {isa = PBXFileReference; lastKnownFileType = text.plist.xml; path = Info.plist; sourceTree = "<group>"; };
		70FF5FC1232903A20066505C /* main.m */ = {isa = PBXFileReference; lastKnownFileType = sourcecode.c.objc; path = main.m; sourceTree = "<group>"; };
/* End PBXFileReference section */

/* Begin PBXFrameworksBuildPhase section */
		70FF5FAC232903A10066505C /* Frameworks */ = {
			isa = PBXFrameworksBuildPhase;
			buildActionMask = 2147483647;
			files = (
				70E64CA12329278800B4A209 /* MediaPlayer.framework in Frameworks */,
			);
			runOnlyForDeploymentPostprocessing = 0;
		};
/* End PBXFrameworksBuildPhase section */

/* Begin PBXGroup section */
		70E64C9F2329278800B4A209 /* Frameworks */ = {
			isa = PBXGroup;
			children = (
				70E64CA02329278800B4A209 /* MediaPlayer.framework */,
			);
			name = Frameworks;
			sourceTree = "<group>";
		};
		70FF5FA6232903A10066505C = {
			isa = PBXGroup;
			children = (
				70FF5FB1232903A10066505C /* MacounCarPlayAudioDemo */,
				70FF5FB0232903A10066505C /* Products */,
				70E64C9F2329278800B4A209 /* Frameworks */,
			);
			sourceTree = "<group>";
		};
		70FF5FB0232903A10066505C /* Products */ = {
			isa = PBXGroup;
			children = (
				70FF5FAF232903A10066505C /* MacounCarPlayAudioDemo.app */,
			);
			name = Products;
			sourceTree = "<group>";
		};
		70FF5FB1232903A10066505C /* MacounCarPlayAudioDemo */ = {
			isa = PBXGroup;
			children = (
				702FEAC52329056D00C8A5C9 /* MacounCarPlayAudioDemo.entitlements */,
				70FF5FB2232903A10066505C /* AppDelegate.h */,
				70FF5FB3232903A10066505C /* AppDelegate.m */,
				70FF5FB5232903A10066505C /* ViewController.h */,
				70FF5FB6232903A10066505C /* ViewController.m */,
				702FEACC2329236C00C8A5C9 /* PlayableContentHandler.h */,
				702FEACD2329236C00C8A5C9 /* PlayableContentHandler.m */,
				70FF5FB8232903A10066505C /* Main.storyboard */,
				70FF5FBB232903A20066505C /* Assets.xcassets */,
				70FF5FBD232903A20066505C /* LaunchScreen.storyboard */,
				70FF5FC0232903A20066505C /* Info.plist */,
				70FF5FC1232903A20066505C /* main.m */,
			);
			path = MacounCarPlayAudioDemo;
			sourceTree = "<group>";
		};
/* End PBXGroup section */

/* Begin PBXNativeTarget section */
		70FF5FAE232903A10066505C /* MacounCarPlayAudioDemo */ = {
			isa = PBXNativeTarget;
			buildConfigurationList = 70FF5FC5232903A20066505C /* Build configuration list for PBXNativeTarget "MacounCarPlayAudioDemo" */;
			buildPhases = (
				70FF5FAB232903A10066505C /* Sources */,
				70FF5FAC232903A10066505C /* Frameworks */,
				70FF5FAD232903A10066505C /* Resources */,
			);
			buildRules = (
			);
			dependencies = (
			);
			name = MacounCarPlayAudioDemo;
			productName = MacounCarPlayAudioDemo;
			productReference = 70FF5FAF232903A10066505C /* MacounCarPlayAudioDemo.app */;
			productType = "com.apple.product-type.application";
		};
/* End PBXNativeTarget section */

/* Begin PBXProject section */
		70FF5FA7232903A10066505C /* Project object */ = {
			isa = PBXProject;
			attributes = {
				LastUpgradeCheck = 1030;
				ORGANIZATIONNAME = "Vanille-Media";
				TargetAttributes = {
					70FF5FAE232903A10066505C = {
						CreatedOnToolsVersion = 10.3;
						SystemCapabilities = {
							com.apple.BackgroundModes = {
								enabled = 1;
							};
							com.apple.Push = {
								enabled = 0;
							};
						};
					};
				};
			};
			buildConfigurationList = 70FF5FAA232903A10066505C /* Build configuration list for PBXProject "MacounCarPlayAudioDemo" */;
			compatibilityVersion = "Xcode 9.3";
			developmentRegion = en;
			hasScannedForEncodings = 0;
			knownRegions = (
				en,
				Base,
			);
			mainGroup = 70FF5FA6232903A10066505C;
			productRefGroup = 70FF5FB0232903A10066505C /* Products */;
			projectDirPath = "";
			projectRoot = "";
			targets = (
				70FF5FAE232903A10066505C /* MacounCarPlayAudioDemo */,
			);
		};
/* End PBXProject section */

/* Begin PBXResourcesBuildPhase section */
		70FF5FAD232903A10066505C /* Resources */ = {
			isa = PBXResourcesBuildPhase;
			buildActionMask = 2147483647;
			files = (
				70FF5FBF232903A20066505C /* LaunchScreen.storyboard in Resources */,
				70FF5FBC232903A20066505C /* Assets.xcassets in Resources */,
				70FF5FBA232903A10066505C /* Main.storyboard in Resources */,
			);
			runOnlyForDeploymentPostprocessing = 0;
		};
/* End PBXResourcesBuildPhase section */

/* Begin PBXSourcesBuildPhase section */
		70FF5FAB232903A10066505C /* Sources */ = {
			isa = PBXSourcesBuildPhase;
			buildActionMask = 2147483647;
			files = (
				70FF5FB7232903A10066505C /* ViewController.m in Sources */,
				70FF5FC2232903A20066505C /* main.m in Sources */,
				702FEACE2329236C00C8A5C9 /* PlayableContentHandler.m in Sources */,
				70FF5FB4232903A10066505C /* AppDelegate.m in Sources */,
			);
			runOnlyForDeploymentPostprocessing = 0;
		};
/* End PBXSourcesBuildPhase section */

/* Begin PBXVariantGroup section */
		70FF5FB8232903A10066505C /* Main.storyboard */ = {
			isa = PBXVariantGroup;
			children = (
				70FF5FB9232903A10066505C /* Base */,
			);
			name = Main.storyboard;
			sourceTree = "<group>";
		};
		70FF5FBD232903A20066505C /* LaunchScreen.storyboard */ = {
			isa = PBXVariantGroup;
			children = (
				70FF5FBE232903A20066505C /* Base */,
			);
			name = LaunchScreen.storyboard;
			sourceTree = "<group>";
		};
/* End PBXVariantGroup section */

/* Begin XCBuildConfiguration section */
		70FF5FC3232903A20066505C /* Debug */ = {
			isa = XCBuildConfiguration;
			buildSettings = {
				ALWAYS_SEARCH_USER_PATHS = NO;
				CLANG_ANALYZER_NONNULL = YES;
				CLANG_ANALYZER_NUMBER_OBJECT_CONVERSION = YES_AGGRESSIVE;
				CLANG_CXX_LANGUAGE_STANDARD = "gnu++14";
				CLANG_CXX_LIBRARY = "libc++";
				CLANG_ENABLE_MODULES = YES;
				CLANG_ENABLE_OBJC_ARC = YES;
				CLANG_ENABLE_OBJC_WEAK = YES;
				CLANG_WARN_BLOCK_CAPTURE_AUTORELEASING = YES;
				CLANG_WARN_BOOL_CONVERSION = YES;
				CLANG_WARN_COMMA = YES;
				CLANG_WARN_CONSTANT_CONVERSION = YES;
				CLANG_WARN_DEPRECATED_OBJC_IMPLEMENTATIONS = YES;
				CLANG_WARN_DIRECT_OBJC_ISA_USAGE = YES_ERROR;
				CLANG_WARN_DOCUMENTATION_COMMENTS = YES;
				CLANG_WARN_EMPTY_BODY = YES;
				CLANG_WARN_ENUM_CONVERSION = YES;
				CLANG_WARN_INFINITE_RECURSION = YES;
				CLANG_WARN_INT_CONVERSION = YES;
				CLANG_WARN_NON_LITERAL_NULL_CONVERSION = YES;
				CLANG_WARN_OBJC_IMPLICIT_RETAIN_SELF = YES;
				CLANG_WARN_OBJC_LITERAL_CONVERSION = YES;
				CLANG_WARN_OBJC_ROOT_CLASS = YES_ERROR;
				CLANG_WARN_RANGE_LOOP_ANALYSIS = YES;
				CLANG_WARN_STRICT_PROTOTYPES = YES;
				CLANG_WARN_SUSPICIOUS_MOVE = YES;
				CLANG_WARN_UNGUARDED_AVAILABILITY = YES_AGGRESSIVE;
				CLANG_WARN_UNREACHABLE_CODE = YES;
				CLANG_WARN__DUPLICATE_METHOD_MATCH = YES;
				CODE_SIGN_IDENTITY = "iPhone Developer";
				COPY_PHASE_STRIP = NO;
				DEBUG_INFORMATION_FORMAT = dwarf;
				ENABLE_STRICT_OBJC_MSGSEND = YES;
				ENABLE_TESTABILITY = YES;
				GCC_C_LANGUAGE_STANDARD = gnu11;
				GCC_DYNAMIC_NO_PIC = NO;
				GCC_NO_COMMON_BLOCKS = YES;
				GCC_OPTIMIZATION_LEVEL = 0;
				GCC_PREPROCESSOR_DEFINITIONS = (
					"DEBUG=1",
					"$(inherited)",
				);
				GCC_WARN_64_TO_32_BIT_CONVERSION = YES;
				GCC_WARN_ABOUT_RETURN_TYPE = YES_ERROR;
				GCC_WARN_UNDECLARED_SELECTOR = YES;
				GCC_WARN_UNINITIALIZED_AUTOS = YES_AGGRESSIVE;
				GCC_WARN_UNUSED_FUNCTION = YES;
				GCC_WARN_UNUSED_VARIABLE = YES;
				IPHONEOS_DEPLOYMENT_TARGET = 12.4;
				MTL_ENABLE_DEBUG_INFO = INCLUDE_SOURCE;
				MTL_FAST_MATH = YES;
				ONLY_ACTIVE_ARCH = YES;
				SDKROOT = iphoneos;
			};
			name = Debug;
		};
		70FF5FC4232903A20066505C /* Release */ = {
			isa = XCBuildConfiguration;
			buildSettings = {
				ALWAYS_SEARCH_USER_PATHS = NO;
				CLANG_ANALYZER_NONNULL = YES;
				CLANG_ANALYZER_NUMBER_OBJECT_CONVERSION = YES_AGGRESSIVE;
				CLANG_CXX_LANGUAGE_STANDARD = "gnu++14";
				CLANG_CXX_LIBRARY = "libc++";
				CLANG_ENABLE_MODULES = YES;
				CLANG_ENABLE_OBJC_ARC = YES;
				CLANG_ENABLE_OBJC_WEAK = YES;
				CLANG_WARN_BLOCK_CAPTURE_AUTORELEASING = YES;
				CLANG_WARN_BOOL_CONVERSION = YES;
				CLANG_WARN_COMMA = YES;
				CLANG_WARN_CONSTANT_CONVERSION = YES;
				CLANG_WARN_DEPRECATED_OBJC_IMPLEMENTATIONS = YES;
				CLANG_WARN_DIRECT_OBJC_ISA_USAGE = YES_ERROR;
				CLANG_WARN_DOCUMENTATION_COMMENTS = YES;
				CLANG_WARN_EMPTY_BODY = YES;
				CLANG_WARN_ENUM_CONVERSION = YES;
				CLANG_WARN_INFINITE_RECURSION = YES;
				CLANG_WARN_INT_CONVERSION = YES;
				CLANG_WARN_NON_LITERAL_NULL_CONVERSION = YES;
				CLANG_WARN_OBJC_IMPLICIT_RETAIN_SELF = YES;
				CLANG_WARN_OBJC_LITERAL_CONVERSION = YES;
				CLANG_WARN_OBJC_ROOT_CLASS = YES_ERROR;
				CLANG_WARN_RANGE_LOOP_ANALYSIS = YES;
				CLANG_WARN_STRICT_PROTOTYPES = YES;
				CLANG_WARN_SUSPICIOUS_MOVE = YES;
				CLANG_WARN_UNGUARDED_AVAILABILITY = YES_AGGRESSIVE;
				CLANG_WARN_UNREACHABLE_CODE = YES;
				CLANG_WARN__DUPLICATE_METHOD_MATCH = YES;
				CODE_SIGN_IDENTITY = "iPhone Developer";
				COPY_PHASE_STRIP = NO;
				DEBUG_INFORMATION_FORMAT = "dwarf-with-dsym";
				ENABLE_NS_ASSERTIONS = NO;
				ENABLE_STRICT_OBJC_MSGSEND = YES;
				GCC_C_LANGUAGE_STANDARD = gnu11;
				GCC_NO_COMMON_BLOCKS = YES;
				GCC_WARN_64_TO_32_BIT_CONVERSION = YES;
				GCC_WARN_ABOUT_RETURN_TYPE = YES_ERROR;
				GCC_WARN_UNDECLARED_SELECTOR = YES;
				GCC_WARN_UNINITIALIZED_AUTOS = YES_AGGRESSIVE;
				GCC_WARN_UNUSED_FUNCTION = YES;
				GCC_WARN_UNUSED_VARIABLE = YES;
				IPHONEOS_DEPLOYMENT_TARGET = 12.4;
				MTL_ENABLE_DEBUG_INFO = NO;
				MTL_FAST_MATH = YES;
				SDKROOT = iphoneos;
				VALIDATE_PRODUCT = YES;
			};
			name = Release;
		};
		70FF5FC6232903A20066505C /* Debug */ = {
			isa = XCBuildConfiguration;
			buildSettings = {
				ASSETCATALOG_COMPILER_APPICON_NAME = AppIcon;
				CODE_SIGN_ENTITLEMENTS = MacounCarPlayAudioDemo/MacounCarPlayAudioDemo.entitlements;
				CODE_SIGN_STYLE = Automatic;
				DEVELOPMENT_TEAM = NANNL9SK66;
				INFOPLIST_FILE = MacounCarPlayAudioDemo/Info.plist;
				LD_RUNPATH_SEARCH_PATHS = (
					"$(inherited)",
					"@executable_path/Frameworks",
				);
				PRODUCT_BUNDLE_IDENTIFIER = de.vanille.MacounCarPlayAudioDemo;
				PRODUCT_NAME = "$(TARGET_NAME)";
				TARGETED_DEVICE_FAMILY = "1,2";
			};
			name = Debug;
		};
		70FF5FC7232903A20066505C /* Release */ = {
			isa = XCBuildConfiguration;
			buildSettings = {
				ASSETCATALOG_COMPILER_APPICON_NAME = AppIcon;
				CODE_SIGN_ENTITLEMENTS = MacounCarPlayAudioDemo/MacounCarPlayAudioDemo.entitlements;
				CODE_SIGN_STYLE = Automatic;
				DEVELOPMENT_TEAM = NANNL9SK66;
				INFOPLIST_FILE = MacounCarPlayAudioDemo/Info.plist;
				LD_RUNPATH_SEARCH_PATHS = (
					"$(inherited)",
					"@executable_path/Frameworks",
				);
				PRODUCT_BUNDLE_IDENTIFIER = de.vanille.MacounCarPlayAudioDemo;
				PRODUCT_NAME = "$(TARGET_NAME)";
				TARGETED_DEVICE_FAMILY = "1,2";
			};
			name = Release;
		};
/* End XCBuildConfiguration section */

/* Begin XCConfigurationList section */
		70FF5FAA232903A10066505C /* Build configuration list for PBXProject "MacounCarPlayAudioDemo" */ = {
			isa = XCConfigurationList;
			buildConfigurations = (
				70FF5FC3232903A20066505C /* Debug */,
				70FF5FC4232903A20066505C /* Release */,
			);
			defaultConfigurationIsVisible = 0;
			defaultConfigurationName = Release;
		};
		70FF5FC5232903A20066505C /* Build configuration list for PBXNativeTarget "MacounCarPlayAudioDemo" */ = {
			isa = XCConfigurationList;
			buildConfigurations = (
				70FF5FC6232903A20066505C /* Debug */,
				70FF5FC7232903A20066505C /* Release */,
			);
			defaultConfigurationIsVisible = 0;
			defaultConfigurationName = Release;
		};
/* End XCConfigurationList section */
	};
	rootObject = 70FF5FA7232903A10066505C /* Project object */;
}
